PODS:
  - Minizip (1.0.0)
  - SQLitePersistentObject (0.3.2)

DEPENDENCIES:
  - Minizip (~> 1.0)
  - SQLitePersistentObject (~> 0.3)

SPEC REPOS:
  https://github.com/cocoapods/specs.git:
    - Minizip
    - SQLitePersistentObject

SPEC CHECKSUMS:
  Minizip: 188cb3e39a1195c283ae03bf673d182596fefd0b
  SQLitePersistentObject: 6a10c4a73642ac0284311867b89f5fe1e47695a1

PODFILE CHECKSUM: fed5fde47d20e35c569b0b493fa857af81855d9a

COCOAPODS: 1.6.0
