// !$*UTF8*$!
{
	archiveVersion = 1;
	classes = {
	};
	objectVersion = 45;
	objects = {

/* Begin PBXBuildFile section */
		1D3623260D0F684500981E51 /* TapManiaAppDelegate.m in Sources */ = {isa = PBXBuildFile; fileRef = 1D3623250D0F684500981E51 /* TapManiaAppDelegate.m */; };
		1D60589B0D05DD56006BFB54 /* main.m in Sources */ = {isa = PBXBuildFile; fileRef = 29B97316FDCFA39411CA2CEA /* main.m */; };
		1D60589F0D05DD5A006BFB54 /* Foundation.framework in Frameworks */ = {isa = PBXBuildFile; fileRef = 1D30AB110D05D00D00671497 /* Foundation.framework */; };
		1DF5F4E00D08C38300B7A737 /* UIKit.framework in Frameworks */ = {isa = PBXBuildFile; fileRef = 1DF5F4DF0D08C38300B7A737 /* UIKit.framework */; };
		242945EB0EC46DA700B88828 /* Credits.txt in Resources */ = {isa = PBXBuildFile; fileRef = 242945EA0EC46DA700B88828 /* Credits.txt */; };
		242946390EC474D900B88828 /* SongPickerMenuRenderer.m in Sources */ = {isa = PBXBuildFile; fileRef = 242946380EC474D900B88828 /* SongPickerMenuRenderer.m */; };
		242946A00EC480F200B88828 /* SongsDirectoryCache.m in Sources */ = {isa = PBXBuildFile; fileRef = 2429469F0EC480F200B88828 /* SongsDirectoryCache.m */; };
		244954D30EDD5AC200D462F0 /* TMRunLoop.m in Sources */ = {isa = PBXBuildFile; fileRef = 244954D20EDD5AC200D462F0 /* TMRunLoop.m */; };
		244954F50EDD61C200D462F0 /* TMObjectWithPriority.m in Sources */ = {isa = PBXBuildFile; fileRef = 244954F40EDD61C200D462F0 /* TMObjectWithPriority.m */; };
		2472663D0EE949A500D501AF /* TapNote.m in Sources */ = {isa = PBXBuildFile; fileRef = 2472663C0EE949A500D501AF /* TapNote.m */; };
		247266540EE94D3B00D501AF /* Receptor.m in Sources */ = {isa = PBXBuildFile; fileRef = 247266530EE94D3B00D501AF /* Receptor.m */; };
		2472672D0EE97DDC00D501AF /* ReceptorRow.m in Sources */ = {isa = PBXBuildFile; fileRef = 2472672C0EE97DDC00D501AF /* ReceptorRow.m */; };
		247E857A0ECC5AE500B21A77 /* TMChangeSegment.m in Sources */ = {isa = PBXBuildFile; fileRef = 247E85790ECC5AE500B21A77 /* TMChangeSegment.m */; };
		247E86EF0ECDCFC600B21A77 /* tick.wav in Resources */ = {isa = PBXBuildFile; fileRef = 247E86EE0ECDCFC600B21A77 /* tick.wav */; };
		2485475B0EE56C1700AD4FAB /* BasicTransition.m in Sources */ = {isa = PBXBuildFile; fileRef = 2485475A0EE56C1700AD4FAB /* BasicTransition.m */; };
		248547F30EE6BCD300AD4FAB /* InputEngine.m in Sources */ = {isa = PBXBuildFile; fileRef = 248547F20EE6BCD300AD4FAB /* InputEngine.m */; };
		2485499E0EE7C75800AD4FAB /* TMAnimatable.m in Sources */ = {isa = PBXBuildFile; fileRef = 2485499D0EE7C75800AD4FAB /* TMAnimatable.m */; };
		24854A850EE8015500AD4FAB /* TMFramedTexture.m in Sources */ = {isa = PBXBuildFile; fileRef = 24854A840EE8015500AD4FAB /* TMFramedTexture.m */; };
		24854AD60EE8065000AD4FAB /* SoundEngine.cpp in Sources */ = {isa = PBXBuildFile; fileRef = 24854AD40EE8065000AD4FAB /* SoundEngine.cpp */; };
		24854AD90EE8066800AD4FAB /* Texture2D.m in Sources */ = {isa = PBXBuildFile; fileRef = 24854AD80EE8066800AD4FAB /* Texture2D.m */; };
		24854B940EE817EC00AD4FAB /* SongPickerMenuSelectedItem.m in Sources */ = {isa = PBXBuildFile; fileRef = 24854B930EE817EC00AD4FAB /* SongPickerMenuSelectedItem.m */; };
		24868A590EDB140C00A9170C /* noteskins in Resources */ = {isa = PBXBuildFile; fileRef = 24868A2D0EDB140C00A9170C /* noteskins */; };
		2486F18B0EC077A300E5F9EE /* JoyPad.m in Sources */ = {isa = PBXBuildFile; fileRef = 2486F18A0EC077A300E5F9EE /* JoyPad.m */; };
		2486F1910EC077E100E5F9EE /* CoreGraphics.framework in Frameworks */ = {isa = PBXBuildFile; fileRef = 2486F1900EC077E100E5F9EE /* CoreGraphics.framework */; };
		2486F1C00EC08CC600E5F9EE /* CoreAudio.framework in Frameworks */ = {isa = PBXBuildFile; fileRef = 2486F1BF0EC08CC600E5F9EE /* CoreAudio.framework */; };
		2486F1C40EC08CF300E5F9EE /* AudioToolbox.framework in Frameworks */ = {isa = PBXBuildFile; fileRef = 2486F1C30EC08CF300E5F9EE /* AudioToolbox.framework */; };
		2486F1C60EC08CFD00E5F9EE /* OpenAL.framework in Frameworks */ = {isa = PBXBuildFile; fileRef = 2486F1C50EC08CFD00E5F9EE /* OpenAL.framework */; };
		2486F2A90EC0A2D600E5F9EE /* LifeBar.m in Sources */ = {isa = PBXBuildFile; fileRef = 2486F2A80EC0A2D600E5F9EE /* LifeBar.m */; };
		2486F2AD0EC0A51100E5F9EE /* TMSong.m in Sources */ = {isa = PBXBuildFile; fileRef = 2486F2AC0EC0A51100E5F9EE /* TMSong.m */; };
		2486F2B00EC0A8A700E5F9EE /* TMSteps.m in Sources */ = {isa = PBXBuildFile; fileRef = 2486F2AF0EC0A8A700E5F9EE /* TMSteps.m */; };
		2486F3030EC0AB7500E5F9EE /* TMSongOptions.m in Sources */ = {isa = PBXBuildFile; fileRef = 2486F3020EC0AB7500E5F9EE /* TMSongOptions.m */; };
		2486F4540EC1E13E00E5F9EE /* SongPlayRenderer.m in Sources */ = {isa = PBXBuildFile; fileRef = 2486F4530EC1E13E00E5F9EE /* SongPlayRenderer.m */; };
		2486F4610EC1E6A200E5F9EE /* TexturesHolder.m in Sources */ = {isa = PBXBuildFile; fileRef = 2486F4600EC1E6A200E5F9EE /* TexturesHolder.m */; };
		248EE4520EE3F3B200FF1D43 /* BenchmarkUtil.m in Sources */ = {isa = PBXBuildFile; fileRef = 248EE4510EE3F3B200FF1D43 /* BenchmarkUtil.m */; };
		248EE4580EE4002000FF1D43 /* TapMania.m in Sources */ = {isa = PBXBuildFile; fileRef = 248EE4570EE4002000FF1D43 /* TapMania.m */; };
		24966C7F0ECB3B6100D367E3 /* TogglerItem.m in Sources */ = {isa = PBXBuildFile; fileRef = 24966C7E0ECB3B6100D367E3 /* TogglerItem.m */; };
		24AFB4020EEFBC6800D0BF31 /* HoldNote.m in Sources */ = {isa = PBXBuildFile; fileRef = 24AFB4010EEFBC6800D0BF31 /* HoldNote.m */; };
		24AFB47D0EEFF5AC00D0BF31 /* themes in Resources */ = {isa = PBXBuildFile; fileRef = 24AFB47C0EEFF5AC00D0BF31 /* themes */; };
		24EBF3E40EC83D0100533056 /* DWIParser.m in Sources */ = {isa = PBXBuildFile; fileRef = 24EBF3E30EC83D0100533056 /* DWIParser.m */; };
		24EBF4120EC8446900533056 /* SongPickerMenuItem.m in Sources */ = {isa = PBXBuildFile; fileRef = 24EBF4110EC8446900533056 /* SongPickerMenuItem.m */; };
		24EBF4E10EC8780600533056 /* TimingUtil.m in Sources */ = {isa = PBXBuildFile; fileRef = 24EBF4E00EC8780600533056 /* TimingUtil.m */; };
		24EBF5580EC889AD00533056 /* TMTrack.m in Sources */ = {isa = PBXBuildFile; fileRef = 24EBF5570EC889AD00533056 /* TMTrack.m */; };
		24EBF55B0EC88B4400533056 /* TMNote.m in Sources */ = {isa = PBXBuildFile; fileRef = 24EBF55A0EC88B4400533056 /* TMNote.m */; };
		24F15DB40EC2094600755788 /* SoundEffectsHolder.m in Sources */ = {isa = PBXBuildFile; fileRef = 24F15DB30EC2094600755788 /* SoundEffectsHolder.m */; };
		24F15E0E0EC20EC800755788 /* MainMenuRenderer.m in Sources */ = {isa = PBXBuildFile; fileRef = 24F15E0D0EC20EC800755788 /* MainMenuRenderer.m */; };
		24F15E480EC2114F00755788 /* Default.png in Resources */ = {isa = PBXBuildFile; fileRef = 24F15E470EC2114F00755788 /* Default.png */; };
		24F15E6C0EC211D100755788 /* AbstractRenderer.m in Sources */ = {isa = PBXBuildFile; fileRef = 24F15E6B0EC211D100755788 /* AbstractRenderer.m */; };
		24F15EB90EC31E4700755788 /* MenuItem.m in Sources */ = {isa = PBXBuildFile; fileRef = 24F15EB80EC31E4700755788 /* MenuItem.m */; };
		24F15FE10EC3372100755788 /* OptionsMenuRenderer.m in Sources */ = {isa = PBXBuildFile; fileRef = 24F15FE00EC3372100755788 /* OptionsMenuRenderer.m */; };
		24F161150EC348B100755788 /* CreditsRenderer.m in Sources */ = {isa = PBXBuildFile; fileRef = 24F161140EC348B100755788 /* CreditsRenderer.m */; };
		28FD14FE0DC6FC130079059D /* EAGLView.m in Sources */ = {isa = PBXBuildFile; fileRef = 28FD14FD0DC6FC130079059D /* EAGLView.m */; };
		28FD15000DC6FC520079059D /* OpenGLES.framework in Frameworks */ = {isa = PBXBuildFile; fileRef = 28FD14FF0DC6FC520079059D /* OpenGLES.framework */; };
		28FD15080DC6FC5B0079059D /* QuartzCore.framework in Frameworks */ = {isa = PBXBuildFile; fileRef = 28FD15070DC6FC5B0079059D /* QuartzCore.framework */; };
/* End PBXBuildFile section */

/* Begin PBXFileReference section */
		1D30AB110D05D00D00671497 /* Foundation.framework */ = {isa = PBXFileReference; lastKnownFileType = wrapper.framework; name = Foundation.framework; path = System/Library/Frameworks/Foundation.framework; sourceTree = SDKROOT; };
		1D3623240D0F684500981E51 /* TapManiaAppDelegate.h */ = {isa = PBXFileReference; fileEncoding = 4; lastKnownFileType = sourcecode.c.h; path = TapManiaAppDelegate.h; sourceTree = "<group>"; };
		1D3623250D0F684500981E51 /* TapManiaAppDelegate.m */ = {isa = PBXFileReference; fileEncoding = 4; lastKnownFileType = sourcecode.c.objc; path = TapManiaAppDelegate.m; sourceTree = "<group>"; };
		1D6058910D05DD3D006BFB54 /* TapMania.app */ = {isa = PBXFileReference; explicitFileType = wrapper.application; includeInIndex = 0; path = TapMania.app; sourceTree = BUILT_PRODUCTS_DIR; };
		1DF5F4DF0D08C38300B7A737 /* UIKit.framework */ = {isa = PBXFileReference; lastKnownFileType = wrapper.framework; name = UIKit.framework; path = System/Library/Frameworks/UIKit.framework; sourceTree = SDKROOT; };
		242945EA0EC46DA700B88828 /* Credits.txt */ = {isa = PBXFileReference; fileEncoding = 4; lastKnownFileType = text; path = Credits.txt; sourceTree = "<group>"; };
		242946370EC474D900B88828 /* SongPickerMenuRenderer.h */ = {isa = PBXFileReference; fileEncoding = 4; lastKnownFileType = sourcecode.c.h; name = SongPickerMenuRenderer.h; path = Renderers/SongPickerMenuRenderer.h; sourceTree = "<group>"; };
		242946380EC474D900B88828 /* SongPickerMenuRenderer.m */ = {isa = PBXFileReference; fileEncoding = 4; lastKnownFileType = sourcecode.c.objc; name = SongPickerMenuRenderer.m; path = Renderers/SongPickerMenuRenderer.m; sourceTree = "<group>"; };
		2429469E0EC480F200B88828 /* SongsDirectoryCache.h */ = {isa = PBXFileReference; fileEncoding = 4; lastKnownFileType = sourcecode.c.h; path = SongsDirectoryCache.h; sourceTree = "<group>"; };
		2429469F0EC480F200B88828 /* SongsDirectoryCache.m */ = {isa = PBXFileReference; fileEncoding = 4; lastKnownFileType = sourcecode.c.objc; path = SongsDirectoryCache.m; sourceTree = "<group>"; };
		244954B40EDD54DA00D462F0 /* TMRenderable.h */ = {isa = PBXFileReference; fileEncoding = 4; lastKnownFileType = sourcecode.c.h; path = TMRenderable.h; sourceTree = "<group>"; };
		244954B50EDD556400D462F0 /* TMLogicUpdater.h */ = {isa = PBXFileReference; fileEncoding = 4; lastKnownFileType = sourcecode.c.h; path = TMLogicUpdater.h; sourceTree = "<group>"; };
		244954D10EDD5AC200D462F0 /* TMRunLoop.h */ = {isa = PBXFileReference; fileEncoding = 4; lastKnownFileType = sourcecode.c.h; path = TMRunLoop.h; sourceTree = "<group>"; };
		244954D20EDD5AC200D462F0 /* TMRunLoop.m */ = {isa = PBXFileReference; fileEncoding = 4; lastKnownFileType = sourcecode.c.objc; path = TMRunLoop.m; sourceTree = "<group>"; };
		244954F30EDD61C200D462F0 /* TMObjectWithPriority.h */ = {isa = PBXFileReference; fileEncoding = 4; lastKnownFileType = sourcecode.c.h; path = TMObjectWithPriority.h; sourceTree = "<group>"; };
		244954F40EDD61C200D462F0 /* TMObjectWithPriority.m */ = {isa = PBXFileReference; fileEncoding = 4; lastKnownFileType = sourcecode.c.objc; path = TMObjectWithPriority.m; sourceTree = "<group>"; };
		2472663B0EE949A500D501AF /* TapNote.h */ = {isa = PBXFileReference; fileEncoding = 4; lastKnownFileType = sourcecode.c.h; name = TapNote.h; path = Renderers/UIElements/TapNote.h; sourceTree = "<group>"; };
		2472663C0EE949A500D501AF /* TapNote.m */ = {isa = PBXFileReference; fileEncoding = 4; lastKnownFileType = sourcecode.c.objc; name = TapNote.m; path = Renderers/UIElements/TapNote.m; sourceTree = "<group>"; };
		247266520EE94D3B00D501AF /* Receptor.h */ = {isa = PBXFileReference; fileEncoding = 4; lastKnownFileType = sourcecode.c.h; name = Receptor.h; path = Renderers/UIElements/Receptor.h; sourceTree = "<group>"; };
		247266530EE94D3B00D501AF /* Receptor.m */ = {isa = PBXFileReference; fileEncoding = 4; lastKnownFileType = sourcecode.c.objc; name = Receptor.m; path = Renderers/UIElements/Receptor.m; sourceTree = "<group>"; };
		2472672B0EE97DDC00D501AF /* ReceptorRow.h */ = {isa = PBXFileReference; fileEncoding = 4; lastKnownFileType = sourcecode.c.h; name = ReceptorRow.h; path = Renderers/UIElements/ReceptorRow.h; sourceTree = "<group>"; };
		2472672C0EE97DDC00D501AF /* ReceptorRow.m */ = {isa = PBXFileReference; fileEncoding = 4; lastKnownFileType = sourcecode.c.objc; name = ReceptorRow.m; path = Renderers/UIElements/ReceptorRow.m; sourceTree = "<group>"; };
		247E85780ECC5AE500B21A77 /* TMChangeSegment.h */ = {isa = PBXFileReference; fileEncoding = 4; lastKnownFileType = sourcecode.c.h; path = TMChangeSegment.h; sourceTree = "<group>"; };
		247E85790ECC5AE500B21A77 /* TMChangeSegment.m */ = {isa = PBXFileReference; fileEncoding = 4; lastKnownFileType = sourcecode.c.objc; path = TMChangeSegment.m; sourceTree = "<group>"; };
		247E86EE0ECDCFC600B21A77 /* tick.wav */ = {isa = PBXFileReference; lastKnownFileType = audio.wav; name = tick.wav; path = Sound/tick.wav; sourceTree = "<group>"; };
		2485471C0EE56AC400AD4FAB /* TMSingleTimeTask.h */ = {isa = PBXFileReference; fileEncoding = 4; lastKnownFileType = sourcecode.c.h; path = TMSingleTimeTask.h; sourceTree = "<group>"; };
		248547590EE56C1700AD4FAB /* BasicTransition.h */ = {isa = PBXFileReference; fileEncoding = 4; lastKnownFileType = sourcecode.c.h; path = BasicTransition.h; sourceTree = "<group>"; };
		2485475A0EE56C1700AD4FAB /* BasicTransition.m */ = {isa = PBXFileReference; fileEncoding = 4; lastKnownFileType = sourcecode.c.objc; path = BasicTransition.m; sourceTree = "<group>"; };
		248547F10EE6BCD300AD4FAB /* InputEngine.h */ = {isa = PBXFileReference; fileEncoding = 4; lastKnownFileType = sourcecode.c.h; path = InputEngine.h; sourceTree = "<group>"; };
		248547F20EE6BCD300AD4FAB /* InputEngine.m */ = {isa = PBXFileReference; fileEncoding = 4; lastKnownFileType = sourcecode.c.objc; path = InputEngine.m; sourceTree = "<group>"; };
		248548B30EE6D80000AD4FAB /* TMTransitionSupport.h */ = {isa = PBXFileReference; fileEncoding = 4; lastKnownFileType = sourcecode.c.h; path = TMTransitionSupport.h; sourceTree = "<group>"; };
		248548E20EE6D9E600AD4FAB /* TMGameUIResponder.h */ = {isa = PBXFileReference; fileEncoding = 4; lastKnownFileType = sourcecode.c.h; path = TMGameUIResponder.h; sourceTree = "<group>"; };
		2485499C0EE7C75800AD4FAB /* TMAnimatable.h */ = {isa = PBXFileReference; fileEncoding = 4; lastKnownFileType = sourcecode.c.h; path = TMAnimatable.h; sourceTree = "<group>"; };
		2485499D0EE7C75800AD4FAB /* TMAnimatable.m */ = {isa = PBXFileReference; fileEncoding = 4; lastKnownFileType = sourcecode.c.objc; path = TMAnimatable.m; sourceTree = "<group>"; };
		24854A830EE8015500AD4FAB /* TMFramedTexture.h */ = {isa = PBXFileReference; fileEncoding = 4; lastKnownFileType = sourcecode.c.h; path = TMFramedTexture.h; sourceTree = "<group>"; };
		24854A840EE8015500AD4FAB /* TMFramedTexture.m */ = {isa = PBXFileReference; fileEncoding = 4; lastKnownFileType = sourcecode.c.objc; path = TMFramedTexture.m; sourceTree = "<group>"; };
		24854AD40EE8065000AD4FAB /* SoundEngine.cpp */ = {isa = PBXFileReference; fileEncoding = 4; lastKnownFileType = sourcecode.cpp.cpp; path = SoundEngine.cpp; sourceTree = "<group>"; };
		24854AD50EE8065000AD4FAB /* SoundEngine.h */ = {isa = PBXFileReference; fileEncoding = 4; lastKnownFileType = sourcecode.c.h; path = SoundEngine.h; sourceTree = "<group>"; };
		24854AD70EE8066800AD4FAB /* Texture2D.h */ = {isa = PBXFileReference; fileEncoding = 4; lastKnownFileType = sourcecode.c.h; path = Texture2D.h; sourceTree = "<group>"; };
		24854AD80EE8066800AD4FAB /* Texture2D.m */ = {isa = PBXFileReference; fileEncoding = 4; lastKnownFileType = sourcecode.c.objc; path = Texture2D.m; sourceTree = "<group>"; };
		24854B920EE817EC00AD4FAB /* SongPickerMenuSelectedItem.h */ = {isa = PBXFileReference; fileEncoding = 4; lastKnownFileType = sourcecode.c.h; name = SongPickerMenuSelectedItem.h; path = Renderers/UIElements/SongPickerMenuSelectedItem.h; sourceTree = "<group>"; };
		24854B930EE817EC00AD4FAB /* SongPickerMenuSelectedItem.m */ = {isa = PBXFileReference; fileEncoding = 4; lastKnownFileType = sourcecode.c.objc; name = SongPickerMenuSelectedItem.m; path = Renderers/UIElements/SongPickerMenuSelectedItem.m; sourceTree = "<group>"; };
		24868A2D0EDB140C00A9170C /* noteskins */ = {isa = PBXFileReference; lastKnownFileType = folder; name = noteskins; path = Images/noteskins; sourceTree = SOURCE_ROOT; };
		2486F1890EC077A300E5F9EE /* JoyPad.h */ = {isa = PBXFileReference; fileEncoding = 4; lastKnownFileType = sourcecode.c.h; path = JoyPad.h; sourceTree = "<group>"; };
		2486F18A0EC077A300E5F9EE /* JoyPad.m */ = {isa = PBXFileReference; fileEncoding = 4; lastKnownFileType = sourcecode.c.objc; path = JoyPad.m; sourceTree = "<group>"; };
		2486F1900EC077E100E5F9EE /* CoreGraphics.framework */ = {isa = PBXFileReference; lastKnownFileType = wrapper.framework; name = CoreGraphics.framework; path = System/Library/Frameworks/CoreGraphics.framework; sourceTree = SDKROOT; };
		2486F1BF0EC08CC600E5F9EE /* CoreAudio.framework */ = {isa = PBXFileReference; lastKnownFileType = wrapper.framework; name = CoreAudio.framework; path = System/Library/Frameworks/CoreAudio.framework; sourceTree = SDKROOT; };
		2486F1C30EC08CF300E5F9EE /* AudioToolbox.framework */ = {isa = PBXFileReference; lastKnownFileType = wrapper.framework; name = AudioToolbox.framework; path = System/Library/Frameworks/AudioToolbox.framework; sourceTree = SDKROOT; };
		2486F1C50EC08CFD00E5F9EE /* OpenAL.framework */ = {isa = PBXFileReference; lastKnownFileType = wrapper.framework; name = OpenAL.framework; path = System/Library/Frameworks/OpenAL.framework; sourceTree = SDKROOT; };
		2486F2A70EC0A2D600E5F9EE /* LifeBar.h */ = {isa = PBXFileReference; fileEncoding = 4; lastKnownFileType = sourcecode.c.h; name = LifeBar.h; path = Renderers/UIElements/LifeBar.h; sourceTree = "<group>"; };
		2486F2A80EC0A2D600E5F9EE /* LifeBar.m */ = {isa = PBXFileReference; fileEncoding = 4; lastKnownFileType = sourcecode.c.objc; name = LifeBar.m; path = Renderers/UIElements/LifeBar.m; sourceTree = "<group>"; };
		2486F2AB0EC0A51100E5F9EE /* TMSong.h */ = {isa = PBXFileReference; fileEncoding = 4; lastKnownFileType = sourcecode.c.h; path = TMSong.h; sourceTree = "<group>"; };
		2486F2AC0EC0A51100E5F9EE /* TMSong.m */ = {isa = PBXFileReference; fileEncoding = 4; lastKnownFileType = sourcecode.c.objc; path = TMSong.m; sourceTree = "<group>"; };
		2486F2AE0EC0A8A700E5F9EE /* TMSteps.h */ = {isa = PBXFileReference; fileEncoding = 4; lastKnownFileType = sourcecode.c.h; path = TMSteps.h; sourceTree = "<group>"; };
		2486F2AF0EC0A8A700E5F9EE /* TMSteps.m */ = {isa = PBXFileReference; fileEncoding = 4; lastKnownFileType = sourcecode.c.objc; path = TMSteps.m; sourceTree = "<group>"; };
		2486F3010EC0AB7500E5F9EE /* TMSongOptions.h */ = {isa = PBXFileReference; fileEncoding = 4; lastKnownFileType = sourcecode.c.h; path = TMSongOptions.h; sourceTree = "<group>"; };
		2486F3020EC0AB7500E5F9EE /* TMSongOptions.m */ = {isa = PBXFileReference; fileEncoding = 4; lastKnownFileType = sourcecode.c.objc; path = TMSongOptions.m; sourceTree = "<group>"; };
		2486F4520EC1E13E00E5F9EE /* SongPlayRenderer.h */ = {isa = PBXFileReference; fileEncoding = 4; lastKnownFileType = sourcecode.c.h; name = SongPlayRenderer.h; path = Renderers/SongPlayRenderer.h; sourceTree = "<group>"; };
		2486F4530EC1E13E00E5F9EE /* SongPlayRenderer.m */ = {isa = PBXFileReference; fileEncoding = 4; lastKnownFileType = sourcecode.c.objc; name = SongPlayRenderer.m; path = Renderers/SongPlayRenderer.m; sourceTree = "<group>"; };
		2486F45F0EC1E6A200E5F9EE /* TexturesHolder.h */ = {isa = PBXFileReference; fileEncoding = 4; lastKnownFileType = sourcecode.c.h; path = TexturesHolder.h; sourceTree = "<group>"; };
		2486F4600EC1E6A200E5F9EE /* TexturesHolder.m */ = {isa = PBXFileReference; fileEncoding = 4; lastKnownFileType = sourcecode.c.objc; path = TexturesHolder.m; sourceTree = "<group>"; };
		248EE4500EE3F3B200FF1D43 /* BenchmarkUtil.h */ = {isa = PBXFileReference; fileEncoding = 4; lastKnownFileType = sourcecode.c.h; name = BenchmarkUtil.h; path = Util/BenchmarkUtil.h; sourceTree = "<group>"; };
		248EE4510EE3F3B200FF1D43 /* BenchmarkUtil.m */ = {isa = PBXFileReference; fileEncoding = 4; lastKnownFileType = sourcecode.c.objc; name = BenchmarkUtil.m; path = Util/BenchmarkUtil.m; sourceTree = "<group>"; };
		248EE4560EE4002000FF1D43 /* TapMania.h */ = {isa = PBXFileReference; fileEncoding = 4; lastKnownFileType = sourcecode.c.h; path = TapMania.h; sourceTree = "<group>"; };
		248EE4570EE4002000FF1D43 /* TapMania.m */ = {isa = PBXFileReference; fileEncoding = 4; lastKnownFileType = sourcecode.c.objc; path = TapMania.m; sourceTree = "<group>"; };
		24966C7D0ECB3B6100D367E3 /* TogglerItem.h */ = {isa = PBXFileReference; fileEncoding = 4; lastKnownFileType = sourcecode.c.h; name = TogglerItem.h; path = Renderers/UIElements/TogglerItem.h; sourceTree = "<group>"; };
		24966C7E0ECB3B6100D367E3 /* TogglerItem.m */ = {isa = PBXFileReference; fileEncoding = 4; lastKnownFileType = sourcecode.c.objc; name = TogglerItem.m; path = Renderers/UIElements/TogglerItem.m; sourceTree = "<group>"; };
		24AFB4000EEFBC6800D0BF31 /* HoldNote.h */ = {isa = PBXFileReference; fileEncoding = 4; lastKnownFileType = sourcecode.c.h; name = HoldNote.h; path = Renderers/UIElements/HoldNote.h; sourceTree = "<group>"; };
		24AFB4010EEFBC6800D0BF31 /* HoldNote.m */ = {isa = PBXFileReference; fileEncoding = 4; lastKnownFileType = sourcecode.c.objc; name = HoldNote.m; path = Renderers/UIElements/HoldNote.m; sourceTree = "<group>"; };
		24AFB47C0EEFF5AC00D0BF31 /* themes */ = {isa = PBXFileReference; lastKnownFileType = folder; name = themes; path = Images/themes; sourceTree = SOURCE_ROOT; };
		24EBF3E20EC83D0100533056 /* DWIParser.h */ = {isa = PBXFileReference; fileEncoding = 4; lastKnownFileType = sourcecode.c.h; name = DWIParser.h; path = Parsers/DWIParser.h; sourceTree = "<group>"; };
		24EBF3E30EC83D0100533056 /* DWIParser.m */ = {isa = PBXFileReference; fileEncoding = 4; lastKnownFileType = sourcecode.c.objc; name = DWIParser.m; path = Parsers/DWIParser.m; sourceTree = "<group>"; };
		24EBF4100EC8446900533056 /* SongPickerMenuItem.h */ = {isa = PBXFileReference; fileEncoding = 4; lastKnownFileType = sourcecode.c.h; name = SongPickerMenuItem.h; path = Renderers/UIElements/SongPickerMenuItem.h; sourceTree = "<group>"; };
		24EBF4110EC8446900533056 /* SongPickerMenuItem.m */ = {isa = PBXFileReference; fileEncoding = 4; lastKnownFileType = sourcecode.c.objc; name = SongPickerMenuItem.m; path = Renderers/UIElements/SongPickerMenuItem.m; sourceTree = "<group>"; };
		24EBF4DF0EC8780600533056 /* TimingUtil.h */ = {isa = PBXFileReference; fileEncoding = 4; lastKnownFileType = sourcecode.c.h; name = TimingUtil.h; path = Util/TimingUtil.h; sourceTree = "<group>"; };
		24EBF4E00EC8780600533056 /* TimingUtil.m */ = {isa = PBXFileReference; fileEncoding = 4; lastKnownFileType = sourcecode.c.objc; name = TimingUtil.m; path = Util/TimingUtil.m; sourceTree = "<group>"; };
		24EBF5560EC889AD00533056 /* TMTrack.h */ = {isa = PBXFileReference; fileEncoding = 4; lastKnownFileType = sourcecode.c.h; path = TMTrack.h; sourceTree = "<group>"; };
		24EBF5570EC889AD00533056 /* TMTrack.m */ = {isa = PBXFileReference; fileEncoding = 4; lastKnownFileType = sourcecode.c.objc; path = TMTrack.m; sourceTree = "<group>"; };
		24EBF5590EC88B4400533056 /* TMNote.h */ = {isa = PBXFileReference; fileEncoding = 4; lastKnownFileType = sourcecode.c.h; path = TMNote.h; sourceTree = "<group>"; };
		24EBF55A0EC88B4400533056 /* TMNote.m */ = {isa = PBXFileReference; fileEncoding = 4; lastKnownFileType = sourcecode.c.objc; path = TMNote.m; sourceTree = "<group>"; };
		24F15DB20EC2094600755788 /* SoundEffectsHolder.h */ = {isa = PBXFileReference; fileEncoding = 4; lastKnownFileType = sourcecode.c.h; path = SoundEffectsHolder.h; sourceTree = "<group>"; };
		24F15DB30EC2094600755788 /* SoundEffectsHolder.m */ = {isa = PBXFileReference; fileEncoding = 4; lastKnownFileType = sourcecode.c.objc; path = SoundEffectsHolder.m; sourceTree = "<group>"; };
		24F15E0C0EC20EC800755788 /* MainMenuRenderer.h */ = {isa = PBXFileReference; fileEncoding = 4; lastKnownFileType = sourcecode.c.h; name = MainMenuRenderer.h; path = Renderers/MainMenuRenderer.h; sourceTree = "<group>"; };
		24F15E0D0EC20EC800755788 /* MainMenuRenderer.m */ = {isa = PBXFileReference; fileEncoding = 4; lastKnownFileType = sourcecode.c.objc; name = MainMenuRenderer.m; path = Renderers/MainMenuRenderer.m; sourceTree = "<group>"; };
		24F15E470EC2114F00755788 /* Default.png */ = {isa = PBXFileReference; lastKnownFileType = image.png; path = Default.png; sourceTree = "<group>"; };
		24F15E6A0EC211D100755788 /* AbstractRenderer.h */ = {isa = PBXFileReference; fileEncoding = 4; lastKnownFileType = sourcecode.c.h; name = AbstractRenderer.h; path = Renderers/AbstractRenderer.h; sourceTree = "<group>"; };
		24F15E6B0EC211D100755788 /* AbstractRenderer.m */ = {isa = PBXFileReference; fileEncoding = 4; lastKnownFileType = sourcecode.c.objc; name = AbstractRenderer.m; path = Renderers/AbstractRenderer.m; sourceTree = "<group>"; };
		24F15EB70EC31E4700755788 /* MenuItem.h */ = {isa = PBXFileReference; fileEncoding = 4; lastKnownFileType = sourcecode.c.h; name = MenuItem.h; path = Renderers/UIElements/MenuItem.h; sourceTree = "<group>"; };
		24F15EB80EC31E4700755788 /* MenuItem.m */ = {isa = PBXFileReference; fileEncoding = 4; lastKnownFileType = sourcecode.c.objc; name = MenuItem.m; path = Renderers/UIElements/MenuItem.m; sourceTree = "<group>"; };
		24F15FDF0EC3372100755788 /* OptionsMenuRenderer.h */ = {isa = PBXFileReference; fileEncoding = 4; lastKnownFileType = sourcecode.c.h; name = OptionsMenuRenderer.h; path = Renderers/OptionsMenuRenderer.h; sourceTree = "<group>"; };
		24F15FE00EC3372100755788 /* OptionsMenuRenderer.m */ = {isa = PBXFileReference; fileEncoding = 4; lastKnownFileType = sourcecode.c.objc; name = OptionsMenuRenderer.m; path = Renderers/OptionsMenuRenderer.m; sourceTree = "<group>"; };
		24F161130EC348B100755788 /* CreditsRenderer.h */ = {isa = PBXFileReference; fileEncoding = 4; lastKnownFileType = sourcecode.c.h; name = CreditsRenderer.h; path = Renderers/CreditsRenderer.h; sourceTree = "<group>"; };
		24F161140EC348B100755788 /* CreditsRenderer.m */ = {isa = PBXFileReference; fileEncoding = 4; lastKnownFileType = sourcecode.c.objc; name = CreditsRenderer.m; path = Renderers/CreditsRenderer.m; sourceTree = "<group>"; };
		28FD14FC0DC6FC130079059D /* EAGLView.h */ = {isa = PBXFileReference; fileEncoding = 4; lastKnownFileType = sourcecode.c.h; path = EAGLView.h; sourceTree = "<group>"; };
		28FD14FD0DC6FC130079059D /* EAGLView.m */ = {isa = PBXFileReference; fileEncoding = 4; lastKnownFileType = sourcecode.c.objc; path = EAGLView.m; sourceTree = "<group>"; };
		28FD14FF0DC6FC520079059D /* OpenGLES.framework */ = {isa = PBXFileReference; lastKnownFileType = wrapper.framework; name = OpenGLES.framework; path = System/Library/Frameworks/OpenGLES.framework; sourceTree = SDKROOT; };
		28FD15070DC6FC5B0079059D /* QuartzCore.framework */ = {isa = PBXFileReference; lastKnownFileType = wrapper.framework; name = QuartzCore.framework; path = System/Library/Frameworks/QuartzCore.framework; sourceTree = SDKROOT; };
		29B97316FDCFA39411CA2CEA /* main.m */ = {isa = PBXFileReference; fileEncoding = 4; lastKnownFileType = sourcecode.c.objc; path = main.m; sourceTree = "<group>"; };
		32CA4F630368D1EE00C91783 /* TapMania_Prefix.pch */ = {isa = PBXFileReference; fileEncoding = 4; lastKnownFileType = sourcecode.c.h; path = TapMania_Prefix.pch; sourceTree = "<group>"; };
		8D1107310486CEB800E47090 /* Info.plist */ = {isa = PBXFileReference; fileEncoding = 4; lastKnownFileType = text.plist.xml; path = Info.plist; sourceTree = "<group>"; };
/* End PBXFileReference section */

/* Begin PBXFrameworksBuildPhase section */
		1D60588F0D05DD3D006BFB54 /* Frameworks */ = {
			isa = PBXFrameworksBuildPhase;
			buildActionMask = 2147483647;
			files = (
				1D60589F0D05DD5A006BFB54 /* Foundation.framework in Frameworks */,
				1DF5F4E00D08C38300B7A737 /* UIKit.framework in Frameworks */,
				28FD15000DC6FC520079059D /* OpenGLES.framework in Frameworks */,
				28FD15080DC6FC5B0079059D /* QuartzCore.framework in Frameworks */,
				2486F1910EC077E100E5F9EE /* CoreGraphics.framework in Frameworks */,
				2486F1C00EC08CC600E5F9EE /* CoreAudio.framework in Frameworks */,
				2486F1C40EC08CF300E5F9EE /* AudioToolbox.framework in Frameworks */,
				2486F1C60EC08CFD00E5F9EE /* OpenAL.framework in Frameworks */,
			);
			runOnlyForDeploymentPostprocessing = 0;
		};
/* End PBXFrameworksBuildPhase section */

/* Begin PBXGroup section */
		080E96DDFE201D6D7F000001 /* Engine */ = {
			isa = PBXGroup;
			children = (
				248547290EE56BEB00AD4FAB /* Transitions */,
				244954D70EDD612800D462F0 /* Objects */,
				244954B30EDD549000D462F0 /* Protocols */,
				29B97315FDCFA39411CA2CEA /* Global */,
				2486F18C0EC077BA00E5F9EE /* Util */,
				2486F1880EC0778200E5F9EE /* JoyPad */,
				1D3623240D0F684500981E51 /* TapManiaAppDelegate.h */,
				1D3623250D0F684500981E51 /* TapManiaAppDelegate.m */,
				248EE4560EE4002000FF1D43 /* TapMania.h */,
				248EE4570EE4002000FF1D43 /* TapMania.m */,
				244954D10EDD5AC200D462F0 /* TMRunLoop.h */,
				244954D20EDD5AC200D462F0 /* TMRunLoop.m */,
				28FD14FC0DC6FC130079059D /* EAGLView.h */,
				28FD14FD0DC6FC130079059D /* EAGLView.m */,
				2486F45F0EC1E6A200E5F9EE /* TexturesHolder.h */,
				2486F4600EC1E6A200E5F9EE /* TexturesHolder.m */,
				2429469E0EC480F200B88828 /* SongsDirectoryCache.h */,
				2429469F0EC480F200B88828 /* SongsDirectoryCache.m */,
				24F15DB20EC2094600755788 /* SoundEffectsHolder.h */,
				24F15DB30EC2094600755788 /* SoundEffectsHolder.m */,
				24854AD40EE8065000AD4FAB /* SoundEngine.cpp */,
				24854AD50EE8065000AD4FAB /* SoundEngine.h */,
				248547F10EE6BCD300AD4FAB /* InputEngine.h */,
				248547F20EE6BCD300AD4FAB /* InputEngine.m */,
			);
			path = Engine;
			sourceTree = "<group>";
		};
		19C28FACFE9D520D11CA2CBB /* Products */ = {
			isa = PBXGroup;
			children = (
				1D6058910D05DD3D006BFB54 /* TapMania.app */,
			);
			name = Products;
			sourceTree = "<group>";
		};
		244954B30EDD549000D462F0 /* Protocols */ = {
			isa = PBXGroup;
			children = (
				244954B40EDD54DA00D462F0 /* TMRenderable.h */,
				244954B50EDD556400D462F0 /* TMLogicUpdater.h */,
				2485471C0EE56AC400AD4FAB /* TMSingleTimeTask.h */,
				248548B30EE6D80000AD4FAB /* TMTransitionSupport.h */,
				248548E20EE6D9E600AD4FAB /* TMGameUIResponder.h */,
			);
			path = Protocols;
			sourceTree = "<group>";
		};
		244954D70EDD612800D462F0 /* Objects */ = {
			isa = PBXGroup;
			children = (
				24854AD70EE8066800AD4FAB /* Texture2D.h */,
				24854AD80EE8066800AD4FAB /* Texture2D.m */,
				244954F30EDD61C200D462F0 /* TMObjectWithPriority.h */,
				244954F40EDD61C200D462F0 /* TMObjectWithPriority.m */,
				2485499C0EE7C75800AD4FAB /* TMAnimatable.h */,
				2485499D0EE7C75800AD4FAB /* TMAnimatable.m */,
				24854A830EE8015500AD4FAB /* TMFramedTexture.h */,
				24854A840EE8015500AD4FAB /* TMFramedTexture.m */,
			);
			path = Objects;
			sourceTree = "<group>";
		};
		248547290EE56BEB00AD4FAB /* Transitions */ = {
			isa = PBXGroup;
			children = (
				248547590EE56C1700AD4FAB /* BasicTransition.h */,
				2485475A0EE56C1700AD4FAB /* BasicTransition.m */,
			);
			path = Transitions;
			sourceTree = "<group>";
		};
		2486F1880EC0778200E5F9EE /* JoyPad */ = {
			isa = PBXGroup;
			children = (
				2486F1890EC077A300E5F9EE /* JoyPad.h */,
				2486F18A0EC077A300E5F9EE /* JoyPad.m */,
			);
			name = JoyPad;
			sourceTree = "<group>";
		};
		2486F18C0EC077BA00E5F9EE /* Util */ = {
			isa = PBXGroup;
			children = (
				248EE4500EE3F3B200FF1D43 /* BenchmarkUtil.h */,
				248EE4510EE3F3B200FF1D43 /* BenchmarkUtil.m */,
				24EBF4DF0EC8780600533056 /* TimingUtil.h */,
				24EBF4E00EC8780600533056 /* TimingUtil.m */,
			);
			name = Util;
			path = ..;
			sourceTree = "<group>";
		};
		2486F2A60EC0A18C00E5F9EE /* UI Elements */ = {
			isa = PBXGroup;
			children = (
				24F15EB70EC31E4700755788 /* MenuItem.h */,
				24F15EB80EC31E4700755788 /* MenuItem.m */,
				24EBF4100EC8446900533056 /* SongPickerMenuItem.h */,
				24EBF4110EC8446900533056 /* SongPickerMenuItem.m */,
				24854B920EE817EC00AD4FAB /* SongPickerMenuSelectedItem.h */,
				24854B930EE817EC00AD4FAB /* SongPickerMenuSelectedItem.m */,
				24966C7D0ECB3B6100D367E3 /* TogglerItem.h */,
				24966C7E0ECB3B6100D367E3 /* TogglerItem.m */,
				2486F2A70EC0A2D600E5F9EE /* LifeBar.h */,
				2486F2A80EC0A2D600E5F9EE /* LifeBar.m */,
				2472663B0EE949A500D501AF /* TapNote.h */,
				2472663C0EE949A500D501AF /* TapNote.m */,
				247266520EE94D3B00D501AF /* Receptor.h */,
				247266530EE94D3B00D501AF /* Receptor.m */,
				2472672B0EE97DDC00D501AF /* ReceptorRow.h */,
				2472672C0EE97DDC00D501AF /* ReceptorRow.m */,
				24AFB4000EEFBC6800D0BF31 /* HoldNote.h */,
				24AFB4010EEFBC6800D0BF31 /* HoldNote.m */,
			);
			name = "UI Elements";
			sourceTree = "<group>";
		};
		2486F2AA0EC0A4FE00E5F9EE /* GameObjects */ = {
			isa = PBXGroup;
			children = (
				247E85780ECC5AE500B21A77 /* TMChangeSegment.h */,
				247E85790ECC5AE500B21A77 /* TMChangeSegment.m */,
				2486F2AB0EC0A51100E5F9EE /* TMSong.h */,
				2486F2AC0EC0A51100E5F9EE /* TMSong.m */,
				2486F2AE0EC0A8A700E5F9EE /* TMSteps.h */,
				2486F2AF0EC0A8A700E5F9EE /* TMSteps.m */,
				2486F3010EC0AB7500E5F9EE /* TMSongOptions.h */,
				2486F3020EC0AB7500E5F9EE /* TMSongOptions.m */,
				24EBF5560EC889AD00533056 /* TMTrack.h */,
				24EBF5570EC889AD00533056 /* TMTrack.m */,
				24EBF5590EC88B4400533056 /* TMNote.h */,
				24EBF55A0EC88B4400533056 /* TMNote.m */,
			);
			path = GameObjects;
			sourceTree = "<group>";
		};
		2486F4510EC1E0E600E5F9EE /* Renderers */ = {
			isa = PBXGroup;
			children = (
				2486F2A60EC0A18C00E5F9EE /* UI Elements */,
				24F15E6A0EC211D100755788 /* AbstractRenderer.h */,
				24F15E6B0EC211D100755788 /* AbstractRenderer.m */,
				2486F4520EC1E13E00E5F9EE /* SongPlayRenderer.h */,
				2486F4530EC1E13E00E5F9EE /* SongPlayRenderer.m */,
				24F161130EC348B100755788 /* CreditsRenderer.h */,
				24F161140EC348B100755788 /* CreditsRenderer.m */,
				24F15E0C0EC20EC800755788 /* MainMenuRenderer.h */,
				24F15E0D0EC20EC800755788 /* MainMenuRenderer.m */,
				24F15FDF0EC3372100755788 /* OptionsMenuRenderer.h */,
				24F15FE00EC3372100755788 /* OptionsMenuRenderer.m */,
				242946370EC474D900B88828 /* SongPickerMenuRenderer.h */,
				242946380EC474D900B88828 /* SongPickerMenuRenderer.m */,
			);
			name = Renderers;
			sourceTree = "<group>";
		};
		24EBF3E10EC83CED00533056 /* Parsers */ = {
			isa = PBXGroup;
			children = (
				24EBF3E20EC83D0100533056 /* DWIParser.h */,
				24EBF3E30EC83D0100533056 /* DWIParser.m */,
			);
			name = Parsers;
			sourceTree = "<group>";
		};
		29B97314FDCFA39411CA2CEA /* CustomTemplate */ = {
			isa = PBXGroup;
			children = (
				24EBF3E10EC83CED00533056 /* Parsers */,
				2486F4510EC1E0E600E5F9EE /* Renderers */,
				2486F2AA0EC0A4FE00E5F9EE /* GameObjects */,
				080E96DDFE201D6D7F000001 /* Engine */,
				29B97317FDCFA39411CA2CEA /* Resources */,
				29B97323FDCFA39411CA2CEA /* Frameworks */,
				19C28FACFE9D520D11CA2CBB /* Products */,
			);
			name = CustomTemplate;
			sourceTree = "<group>";
		};
		29B97315FDCFA39411CA2CEA /* Global */ = {
			isa = PBXGroup;
			children = (
				32CA4F630368D1EE00C91783 /* TapMania_Prefix.pch */,
				29B97316FDCFA39411CA2CEA /* main.m */,
			);
			name = Global;
			path = ..;
			sourceTree = "<group>";
		};
		29B97317FDCFA39411CA2CEA /* Resources */ = {
			isa = PBXGroup;
			children = (
				24AFB47C0EEFF5AC00D0BF31 /* themes */,
				24868A2D0EDB140C00A9170C /* noteskins */,
				247E86EE0ECDCFC600B21A77 /* tick.wav */,
				242945EA0EC46DA700B88828 /* Credits.txt */,
				24F15E470EC2114F00755788 /* Default.png */,
				8D1107310486CEB800E47090 /* Info.plist */,
			);
			name = Resources;
			sourceTree = "<group>";
		};
		29B97323FDCFA39411CA2CEA /* Frameworks */ = {
			isa = PBXGroup;
			children = (
				2486F1C50EC08CFD00E5F9EE /* OpenAL.framework */,
				2486F1C30EC08CF300E5F9EE /* AudioToolbox.framework */,
				2486F1BF0EC08CC600E5F9EE /* CoreAudio.framework */,
				2486F1900EC077E100E5F9EE /* CoreGraphics.framework */,
				28FD15070DC6FC5B0079059D /* QuartzCore.framework */,
				28FD14FF0DC6FC520079059D /* OpenGLES.framework */,
				1DF5F4DF0D08C38300B7A737 /* UIKit.framework */,
				1D30AB110D05D00D00671497 /* Foundation.framework */,
			);
			name = Frameworks;
			sourceTree = "<group>";
		};
/* End PBXGroup section */

/* Begin PBXNativeTarget section */
		1D6058900D05DD3D006BFB54 /* TapMania */ = {
			isa = PBXNativeTarget;
			buildConfigurationList = 1D6058960D05DD3E006BFB54 /* Build configuration list for PBXNativeTarget "TapMania" */;
			buildPhases = (
				1D60588D0D05DD3D006BFB54 /* Resources */,
				1D60588E0D05DD3D006BFB54 /* Sources */,
				1D60588F0D05DD3D006BFB54 /* Frameworks */,
			);
			buildRules = (
			);
			dependencies = (
			);
			name = TapMania;
			productName = TapMania;
			productReference = 1D6058910D05DD3D006BFB54 /* TapMania.app */;
			productType = "com.apple.product-type.application";
		};
/* End PBXNativeTarget section */

/* Begin PBXProject section */
		29B97313FDCFA39411CA2CEA /* Project object */ = {
			isa = PBXProject;
			buildConfigurationList = C01FCF4E08A954540054247B /* Build configuration list for PBXProject "TapMania" */;
			compatibilityVersion = "Xcode 3.1";
			hasScannedForEncodings = 1;
			mainGroup = 29B97314FDCFA39411CA2CEA /* CustomTemplate */;
			projectDirPath = "";
			projectRoot = "";
			targets = (
				1D6058900D05DD3D006BFB54 /* TapMania */,
			);
		};
/* End PBXProject section */

/* Begin PBXResourcesBuildPhase section */
		1D60588D0D05DD3D006BFB54 /* Resources */ = {
			isa = PBXResourcesBuildPhase;
			buildActionMask = 2147483647;
			files = (
				24F15E480EC2114F00755788 /* Default.png in Resources */,
				242945EB0EC46DA700B88828 /* Credits.txt in Resources */,
				247E86EF0ECDCFC600B21A77 /* tick.wav in Resources */,
				24868A590EDB140C00A9170C /* noteskins in Resources */,
				24AFB47D0EEFF5AC00D0BF31 /* themes in Resources */,
			);
			runOnlyForDeploymentPostprocessing = 0;
		};
/* End PBXResourcesBuildPhase section */

/* Begin PBXSourcesBuildPhase section */
		1D60588E0D05DD3D006BFB54 /* Sources */ = {
			isa = PBXSourcesBuildPhase;
			buildActionMask = 2147483647;
			files = (
				1D60589B0D05DD56006BFB54 /* main.m in Sources */,
				1D3623260D0F684500981E51 /* TapManiaAppDelegate.m in Sources */,
				28FD14FE0DC6FC130079059D /* EAGLView.m in Sources */,
				2486F18B0EC077A300E5F9EE /* JoyPad.m in Sources */,
				2486F2A90EC0A2D600E5F9EE /* LifeBar.m in Sources */,
				2486F2AD0EC0A51100E5F9EE /* TMSong.m in Sources */,
				2486F2B00EC0A8A700E5F9EE /* TMSteps.m in Sources */,
				2486F3030EC0AB7500E5F9EE /* TMSongOptions.m in Sources */,
				2486F4540EC1E13E00E5F9EE /* SongPlayRenderer.m in Sources */,
				2486F4610EC1E6A200E5F9EE /* TexturesHolder.m in Sources */,
				24F15DB40EC2094600755788 /* SoundEffectsHolder.m in Sources */,
				24F15E0E0EC20EC800755788 /* MainMenuRenderer.m in Sources */,
				24F15E6C0EC211D100755788 /* AbstractRenderer.m in Sources */,
				24F15EB90EC31E4700755788 /* MenuItem.m in Sources */,
				24F15FE10EC3372100755788 /* OptionsMenuRenderer.m in Sources */,
				24F161150EC348B100755788 /* CreditsRenderer.m in Sources */,
				242946390EC474D900B88828 /* SongPickerMenuRenderer.m in Sources */,
				242946A00EC480F200B88828 /* SongsDirectoryCache.m in Sources */,
				24EBF3E40EC83D0100533056 /* DWIParser.m in Sources */,
				24EBF4120EC8446900533056 /* SongPickerMenuItem.m in Sources */,
				24EBF4E10EC8780600533056 /* TimingUtil.m in Sources */,
				24EBF5580EC889AD00533056 /* TMTrack.m in Sources */,
				24EBF55B0EC88B4400533056 /* TMNote.m in Sources */,
				24966C7F0ECB3B6100D367E3 /* TogglerItem.m in Sources */,
				247E857A0ECC5AE500B21A77 /* TMChangeSegment.m in Sources */,
				244954D30EDD5AC200D462F0 /* TMRunLoop.m in Sources */,
				244954F50EDD61C200D462F0 /* TMObjectWithPriority.m in Sources */,
				248EE4520EE3F3B200FF1D43 /* BenchmarkUtil.m in Sources */,
				248EE4580EE4002000FF1D43 /* TapMania.m in Sources */,
				2485475B0EE56C1700AD4FAB /* BasicTransition.m in Sources */,
				248547F30EE6BCD300AD4FAB /* InputEngine.m in Sources */,
				2485499E0EE7C75800AD4FAB /* TMAnimatable.m in Sources */,
				24854A850EE8015500AD4FAB /* TMFramedTexture.m in Sources */,
				24854AD60EE8065000AD4FAB /* SoundEngine.cpp in Sources */,
				24854AD90EE8066800AD4FAB /* Texture2D.m in Sources */,
				24854B940EE817EC00AD4FAB /* SongPickerMenuSelectedItem.m in Sources */,
				2472663D0EE949A500D501AF /* TapNote.m in Sources */,
				247266540EE94D3B00D501AF /* Receptor.m in Sources */,
				2472672D0EE97DDC00D501AF /* ReceptorRow.m in Sources */,
				24AFB4020EEFBC6800D0BF31 /* HoldNote.m in Sources */,
			);
			runOnlyForDeploymentPostprocessing = 0;
		};
/* End PBXSourcesBuildPhase section */

/* Begin XCBuildConfiguration section */
		1D6058940D05DD3E006BFB54 /* Debug */ = {
			isa = XCBuildConfiguration;
			buildSettings = {
				ALWAYS_SEARCH_USER_PATHS = NO;
				COPY_PHASE_STRIP = NO;
				GCC_DYNAMIC_NO_PIC = NO;
				GCC_OPTIMIZATION_LEVEL = 0;
				GCC_PRECOMPILE_PREFIX_HEADER = YES;
				GCC_PREFIX_HEADER = TapMania_Prefix.pch;
				INFOPLIST_FILE = Info.plist;
				PRODUCT_NAME = TapMania;
			};
			name = Debug;
		};
		1D6058950D05DD3E006BFB54 /* Release */ = {
			isa = XCBuildConfiguration;
			buildSettings = {
				ALWAYS_SEARCH_USER_PATHS = NO;
				COPY_PHASE_STRIP = YES;
				GCC_PRECOMPILE_PREFIX_HEADER = YES;
				GCC_PREFIX_HEADER = TapMania_Prefix.pch;
				INFOPLIST_FILE = Info.plist;
				PRODUCT_NAME = TapMania;
			};
			name = Release;
		};
		C01FCF4F08A954540054247B /* Debug */ = {
			isa = XCBuildConfiguration;
			buildSettings = {
				ARCHS = "$(ARCHS_STANDARD_32_BIT)";
				"CODE_SIGN_IDENTITY[sdk=iphoneos*]" = "iPhone Developer";
				GCC_C_LANGUAGE_STANDARD = c99;
				GCC_WARN_ABOUT_RETURN_TYPE = YES;
				GCC_WARN_UNUSED_VARIABLE = YES;
				ONLY_ACTIVE_ARCH = YES;
				PREBINDING = NO;
				SDKROOT = iphoneos2.0;
			};
			name = Debug;
		};
		C01FCF5008A954540054247B /* Release */ = {
			isa = XCBuildConfiguration;
			buildSettings = {
				ARCHS = "$(ARCHS_STANDARD_32_BIT)";
				"CODE_SIGN_IDENTITY[sdk=iphoneos*]" = "iPhone Developer";
				GCC_C_LANGUAGE_STANDARD = c99;
				GCC_WARN_ABOUT_RETURN_TYPE = YES;
				GCC_WARN_UNUSED_VARIABLE = YES;
				PREBINDING = NO;
				SDKROOT = iphoneos2.0;
			};
			name = Release;
		};
/* End XCBuildConfiguration section */

/* Begin XCConfigurationList section */
		1D6058960D05DD3E006BFB54 /* Build configuration list for PBXNativeTarget "TapMania" */ = {
			isa = XCConfigurationList;
			buildConfigurations = (
				1D6058940D05DD3E006BFB54 /* Debug */,
				1D6058950D05DD3E006BFB54 /* Release */,
			);
			defaultConfigurationIsVisible = 0;
			defaultConfigurationName = Release;
		};
		C01FCF4E08A954540054247B /* Build configuration list for PBXProject "TapMania" */ = {
			isa = XCConfigurationList;
			buildConfigurations = (
				C01FCF4F08A954540054247B /* Debug */,
				C01FCF5008A954540054247B /* Release */,
			);
			defaultConfigurationIsVisible = 0;
			defaultConfigurationName = Release;
		};
/* End XCConfigurationList section */
	};
	rootObject = 29B97313FDCFA39411CA2CEA /* Project object */;
}
